{
  "nodes": {
    "nixpkgs": {
      "locked": {
        "lastModified": 1721562059,
        "narHash": "sha256-Tybxt65eyOARf285hMHIJ2uul8SULjFZbT9ZaEeUnP8=",
        "path": "/nix/store/afawjm6nv8m5aagkcqxlxgrr5qpyh6cm-source",
        "rev": "68c9ed8bbed9dfce253cc91560bf9043297ef2fe",
        "type": "path"
      },
      "original": {
        "id": "nixpkgs",
        "type": "indirect"
      }
    },
    "root": {
      "inputs": {
        "nixpkgs": "nixpkgs"
      }
    }
  },
  "root": "root",
  "version": 7
}
